
Microsoft Visual Studio Solution File, Format Version 12.00
# Visual Studio 15
VisualStudioVersion = 15.0.27004.2002
MinimumVisualStudioVersion = 10.0.40219.1
Project("{9A19103F-16F7-4668-BE54-9A1E7A4F7556}") = "EscamboVirtual", "EscamboVirtual\EscamboVirtual.csproj", "{2F68DC5D-F781-4AE7-8AAF-292231518B25}"
EndProject
Project("{9A19103F-16F7-4668-BE54-9A1E7A4F7556}") = "WebApi", "WebApi\WebApi.csproj", "{264C5107-E69C-4041-AAF0-4FBB81FF28D8}"
EndProject
Project("{9A19103F-16F7-4668-BE54-9A1E7A4F7556}") = "Domain", "Domain\Domain.csproj", "{68C9E35C-F4C0-44E7-9FAF-CCD36C83CF1B}"
EndProject
Project("{9A19103F-16F7-4668-BE54-9A1E7A4F7556}") = "Infra.Data", "Infra.Data\Infra.Data.csproj", "{73B8EF9D-3B8D-4847-8174-CC9E92740F0A}"
EndProject
Project("{9A19103F-16F7-4668-BE54-9A1E7A4F7556}") = "Infra.CrossCutting.IoC", "Infra.CrossCutting.IoC\Infra.CrossCutting.IoC.csproj", "{78E8C2AE-D2F4-4F6E-98CB-BBA7D4C29E1C}"
EndProject
Project("{FAE04EC0-301F-11D3-BF4B-00C04F79EFBC}") = "Populador", "Populador\Populador.csproj", "{CBCF618F-506B-47CC-BF81-383BF31D3CE6}"
EndProject
Global
	GlobalSection(SolutionConfigurationPlatforms) = preSolution
		Debug|Any CPU = Debug|Any CPU
		Release|Any CPU = Release|Any CPU
	EndGlobalSection
	GlobalSection(ProjectConfigurationPlatforms) = postSolution
		{2F68DC5D-F781-4AE7-8AAF-292231518B25}.Debug|Any CPU.ActiveCfg = Debug|Any CPU
		{2F68DC5D-F781-4AE7-8AAF-292231518B25}.Debug|Any CPU.Build.0 = Debug|Any CPU
		{2F68DC5D-F781-4AE7-8AAF-292231518B25}.Release|Any CPU.ActiveCfg = Release|Any CPU
		{2F68DC5D-F781-4AE7-8AAF-292231518B25}.Release|Any CPU.Build.0 = Release|Any CPU
		{264C5107-E69C-4041-AAF0-4FBB81FF28D8}.Debug|Any CPU.ActiveCfg = Debug|Any CPU
		{264C5107-E69C-4041-AAF0-4FBB81FF28D8}.Debug|Any CPU.Build.0 = Debug|Any CPU
		{264C5107-E69C-4041-AAF0-4FBB81FF28D8}.Release|Any CPU.ActiveCfg = Release|Any CPU
		{264C5107-E69C-4041-AAF0-4FBB81FF28D8}.Release|Any CPU.Build.0 = Release|Any CPU
		{68C9E35C-F4C0-44E7-9FAF-CCD36C83CF1B}.Debug|Any CPU.ActiveCfg = Debug|Any CPU
		{68C9E35C-F4C0-44E7-9FAF-CCD36C83CF1B}.Debug|Any CPU.Build.0 = Debug|Any CPU
		{68C9E35C-F4C0-44E7-9FAF-CCD36C83CF1B}.Release|Any CPU.ActiveCfg = Release|Any CPU
		{68C9E35C-F4C0-44E7-9FAF-CCD36C83CF1B}.Release|Any CPU.Build.0 = Release|Any CPU
		{73B8EF9D-3B8D-4847-8174-CC9E92740F0A}.Debug|Any CPU.ActiveCfg = Debug|Any CPU
		{73B8EF9D-3B8D-4847-8174-CC9E92740F0A}.Debug|Any CPU.Build.0 = Debug|Any CPU
		{73B8EF9D-3B8D-4847-8174-CC9E92740F0A}.Release|Any CPU.ActiveCfg = Release|Any CPU
		{73B8EF9D-3B8D-4847-8174-CC9E92740F0A}.Release|Any CPU.Build.0 = Release|Any CPU
		{78E8C2AE-D2F4-4F6E-98CB-BBA7D4C29E1C}.Debug|Any CPU.ActiveCfg = Debug|Any CPU
		{78E8C2AE-D2F4-4F6E-98CB-BBA7D4C29E1C}.Debug|Any CPU.Build.0 = Debug|Any CPU
		{78E8C2AE-D2F4-4F6E-98CB-BBA7D4C29E1C}.Release|Any CPU.ActiveCfg = Release|Any CPU
		{78E8C2AE-D2F4-4F6E-98CB-BBA7D4C29E1C}.Release|Any CPU.Build.0 = Release|Any CPU
		{CBCF618F-506B-47CC-BF81-383BF31D3CE6}.Debug|Any CPU.ActiveCfg = Debug|Any CPU
		{CBCF618F-506B-47CC-BF81-383BF31D3CE6}.Debug|Any CPU.Build.0 = Debug|Any CPU
		{CBCF618F-506B-47CC-BF81-383BF31D3CE6}.Release|Any CPU.ActiveCfg = Release|Any CPU
		{CBCF618F-506B-47CC-BF81-383BF31D3CE6}.Release|Any CPU.Build.0 = Release|Any CPU
	EndGlobalSection
	GlobalSection(SolutionProperties) = preSolution
		HideSolutionNode = FALSE
	EndGlobalSection
	GlobalSection(ExtensibilityGlobals) = postSolution
		SolutionGuid = {46B5A2D4-960D-437E-A212-9B8652D91174}
	EndGlobalSection
EndGlobal
